{
  "name": "@govuk-react/button",
  "version": "0.1.27",
  "lockfileVersion": 1,
  "requires": true,
  "dependencies": {
    "@govuk-react/icons": {
      "version": "0.1.27",
      "resolved": "https://registry.npmjs.org/@govuk-react/icons/-/icons-0.1.27.tgz",
      "integrity": "sha512-fmlvfnAZA7X3L4B0yzu3Z7xXZlEHwQSQBgHi13NyH3khf+LVjkGxJGO1Bk/4k/B045KjvPDbyJYXEQZzZEtKkg==",
      "requires": {
        "@govuk-react/constants": "0.1.26",
        "glamor": "2.20.40",
        "govuk-colours": "1.0.3"
      },
      "dependencies": {
        "@govuk-react/constants": {
          "version": "0.1.26",
          "resolved": "https://registry.npmjs.org/@govuk-react/constants/-/constants-0.1.26.tgz",
          "integrity": "sha512-pq21rlKEHn3DAPTrItYFh9dzH9o/ABI7PcgY9515+zjMNull1bVWbWmfJiZELBOMc+J7tQKlCdnxqjn3SoRK2A==",
          "requires": {
            "govuk-colours": "1.0.3"
          }
        },
        "govuk-colours": {
          "version": "1.0.3",
          "resolved": "https://registry.npmjs.org/govuk-colours/-/govuk-colours-1.0.3.tgz",
          "integrity": "sha512-xdVD7YzHG+KEwCs8Rl+MgVfgEagjANVau4dJNTe30Xi6KySJ1LaI1vzBRRgThBjmJC8YFTwk4CshRtRfSbXKcA=="
        }
      }
    },
    "@storybook/addon-knobs": {
      "version": "3.4.2",
      "resolved": "https://registry.npmjs.org/@storybook/addon-knobs/-/addon-knobs-3.4.2.tgz",
      "integrity": "sha512-K59L2yrAKutPrwV+bh7fYAVA+tpsC2oEEGBk2X53L4wOfeLfxKEPSefGrGZit+msGA1z2R3LOxJccA98mD18Mg==",
      "requires": {
        "@storybook/components": "3.4.2",
        "babel-runtime": "6.26.0",
        "deep-equal": "1.0.1",
        "global": "4.3.2",
        "insert-css": "2.0.0",
        "lodash.debounce": "4.0.8",
        "moment": "2.22.1",
        "prop-types": "15.6.1",
        "react-color": "2.14.1",
        "react-datetime": "2.14.0",
        "react-textarea-autosize": "5.2.1",
        "util-deprecate": "1.0.2"
      }
    },
    "@storybook/components": {
      "version": "3.4.2",
      "resolved": "https://registry.npmjs.org/@storybook/components/-/components-3.4.2.tgz",
      "integrity": "sha512-KtbgMINfl6h/bTFyQndDVHq4plG06L5Wr9SnDaRo+ZLUloD07MMuCeTw/O6Bs3KH7tfkBXbKOgc5m5HbjIQDpg==",
      "requires": {
        "glamor": "2.20.40",
        "glamorous": "4.12.4",
        "prop-types": "15.6.1"
      }
    },
    "asap": {
      "version": "2.0.6",
      "resolved": "https://registry.npmjs.org/asap/-/asap-2.0.6.tgz",
      "integrity": "sha1-5QNHYR1+aQlDIIu9r+vLwvuGbUY="
    },
    "babel-runtime": {
      "version": "6.26.0",
      "resolved": "https://registry.npmjs.org/babel-runtime/-/babel-runtime-6.26.0.tgz",
      "integrity": "sha1-llxwWGaOgrVde/4E/yM3vItWR/4=",
      "requires": {
        "core-js": "2.5.5",
        "regenerator-runtime": "0.11.1"
      },
      "dependencies": {
        "core-js": {
          "version": "2.5.5",
          "resolved": "https://registry.npmjs.org/core-js/-/core-js-2.5.5.tgz",
          "integrity": "sha1-sU3ek2xkDAV5prUMq8wTLdYSfjs="
        }
      }
    },
    "bowser": {
      "version": "1.9.3",
      "resolved": "https://registry.npmjs.org/bowser/-/bowser-1.9.3.tgz",
      "integrity": "sha512-/gp96UlcFw5DbV2KQPCqTqi0Mb9gZRyDAHiDsGEH+4B/KOQjeoE5lM1PxlVX8DQDvfEfitmC1rW2Oy8fk/XBDg=="
    },
    "brcast": {
      "version": "3.0.1",
      "resolved": "https://registry.npmjs.org/brcast/-/brcast-3.0.1.tgz",
      "integrity": "sha512-eI3yqf9YEqyGl9PCNTR46MGvDylGtaHjalcz6Q3fAPnP/PhpKkkve52vFdfGpwp4VUvK6LUr4TQN+2stCrEwTg=="
    },
    "core-js": {
      "version": "1.2.7",
      "resolved": "https://registry.npmjs.org/core-js/-/core-js-1.2.7.tgz",
      "integrity": "sha1-ZSKUwUZR2yj6k70tX/KYOk8IxjY="
    },
    "create-react-class": {
      "version": "15.6.3",
      "resolved": "https://registry.npmjs.org/create-react-class/-/create-react-class-15.6.3.tgz",
      "integrity": "sha512-M+/3Q6E6DLO6Yx3OwrWjwHBnvfXXYA7W+dFjt/ZDBemHO1DDZhsalX/NUtnTYclN6GfnBDRh4qRHjcDHmlJBJg==",
      "requires": {
        "fbjs": "0.8.16",
        "loose-envify": "1.3.1",
        "object-assign": "4.1.1"
      }
    },
    "css-in-js-utils": {
      "version": "2.0.1",
      "resolved": "https://registry.npmjs.org/css-in-js-utils/-/css-in-js-utils-2.0.1.tgz",
      "integrity": "sha512-PJF0SpJT+WdbVVt0AOYp9C8GnuruRlL/UFW7932nLWmFLQTaWEzTBQEx7/hn4BuV+WON75iAViSUJLiU3PKbpA==",
      "requires": {
        "hyphenate-style-name": "1.0.2",
        "isobject": "3.0.1"
      }
    },
    "csstype": {
      "version": "2.3.0",
      "resolved": "https://registry.npmjs.org/csstype/-/csstype-2.3.0.tgz",
      "integrity": "sha512-+iowf+HbYUKV65+HjAhXkx4KH6IFpIxnBlO0maKsXmBIHJXEndaTRYPVL4pEwtK6+1zRvkXo+WD1tRFKygMHQg=="
    },
    "deep-equal": {
      "version": "1.0.1",
      "resolved": "https://registry.npmjs.org/deep-equal/-/deep-equal-1.0.1.tgz",
      "integrity": "sha1-9dJgKStmDghO/0zbyfCK0yR0SLU="
    },
    "dom-walk": {
      "version": "0.1.1",
      "resolved": "https://registry.npmjs.org/dom-walk/-/dom-walk-0.1.1.tgz",
      "integrity": "sha1-ZyIm3HTI95mtNTB9+TaroRrNYBg="
    },
    "encoding": {
      "version": "0.1.12",
      "resolved": "https://registry.npmjs.org/encoding/-/encoding-0.1.12.tgz",
      "integrity": "sha1-U4tm8+5izRq1HsMjgp0flIDHS+s=",
      "requires": {
        "iconv-lite": "0.4.21"
      }
    },
    "fast-memoize": {
      "version": "2.3.2",
      "resolved": "https://registry.npmjs.org/fast-memoize/-/fast-memoize-2.3.2.tgz",
      "integrity": "sha512-h2avnhux4p3tXTA9xR7ntnQSFQdY4hAkyNj8wDXlVT2Die38JxVCInnrieuktdxzRevRWa3dBjN+SbQe1os0GQ=="
    },
    "fbjs": {
      "version": "0.8.16",
      "resolved": "https://registry.npmjs.org/fbjs/-/fbjs-0.8.16.tgz",
      "integrity": "sha1-XmdDL1UNxBtXK/VYR7ispk5TN9s=",
      "requires": {
        "core-js": "1.2.7",
        "isomorphic-fetch": "2.2.1",
        "loose-envify": "1.3.1",
        "object-assign": "4.1.1",
        "promise": "7.3.1",
        "setimmediate": "1.0.5",
        "ua-parser-js": "0.7.17"
      }
    },
    "glamor": {
      "version": "2.20.40",
      "resolved": "https://registry.npmjs.org/glamor/-/glamor-2.20.40.tgz",
      "integrity": "sha512-DNXCd+c14N9QF8aAKrfl4xakPk5FdcFwmH7sD0qnC0Pr7xoZ5W9yovhUrY/dJc3psfGGXC58vqQyRtuskyUJxA==",
      "requires": {
        "fbjs": "0.8.16",
        "inline-style-prefixer": "3.0.8",
        "object-assign": "4.1.1",
        "prop-types": "15.6.1",
        "through": "2.3.8"
      }
    },
    "glamorous": {
      "version": "4.12.4",
      "resolved": "https://registry.npmjs.org/glamorous/-/glamorous-4.12.4.tgz",
      "integrity": "sha512-9XjKfMnVJlohSa6ZYrrOz/ZW1xu3JK6zjRTCTkLLJowlmEU7zt9uvIZeUHiYEkr8qDfhhSDDOYZrMiknz0r1Iw==",
      "requires": {
        "brcast": "3.0.1",
        "csstype": "2.3.0",
        "fast-memoize": "2.3.2",
        "html-tag-names": "1.1.2",
        "is-function": "1.0.1",
        "is-plain-object": "2.0.4",
        "react-html-attributes": "1.4.2",
        "svg-tag-names": "1.1.1"
      }
    },
    "global": {
      "version": "4.3.2",
      "resolved": "https://registry.npmjs.org/global/-/global-4.3.2.tgz",
      "integrity": "sha1-52mJJopsdMOJCLEwWxD8DjlOnQ8=",
      "requires": {
        "min-document": "2.19.0",
        "process": "0.5.2"
      }
    },
    "html-element-attributes": {
      "version": "1.3.1",
      "resolved": "https://registry.npmjs.org/html-element-attributes/-/html-element-attributes-1.3.1.tgz",
      "integrity": "sha512-UrRKgp5sQmRnDy4TEwAUsu14XBUlzKB8U3hjIYDjcZ3Hbp86Jtftzxfgrv6E/ii/h78tsaZwAnAE8HwnHr0dPA=="
    },
    "html-tag-names": {
      "version": "1.1.2",
      "resolved": "https://registry.npmjs.org/html-tag-names/-/html-tag-names-1.1.2.tgz",
      "integrity": "sha1-9lFolkxanIJnXv2ogoddyyqHXCI="
    },
    "hyphenate-style-name": {
      "version": "1.0.2",
      "resolved": "https://registry.npmjs.org/hyphenate-style-name/-/hyphenate-style-name-1.0.2.tgz",
      "integrity": "sha1-MRYKNpMK2vH8BMYHT360FGXU7Es="
    },
    "iconv-lite": {
      "version": "0.4.21",
      "resolved": "https://registry.npmjs.org/iconv-lite/-/iconv-lite-0.4.21.tgz",
      "integrity": "sha512-En5V9za5mBt2oUA03WGD3TwDv0MKAruqsuxstbMUZaj9W9k/m1CV/9py3l0L5kw9Bln8fdHQmzHSYtvpvTLpKw==",
      "requires": {
        "safer-buffer": "2.1.2"
      }
    },
    "inline-style-prefixer": {
      "version": "3.0.8",
      "resolved": "https://registry.npmjs.org/inline-style-prefixer/-/inline-style-prefixer-3.0.8.tgz",
      "integrity": "sha1-hVG45bTVcyROZqNLBPfTIHaitTQ=",
      "requires": {
        "bowser": "1.9.3",
        "css-in-js-utils": "2.0.1"
      }
    },
    "insert-css": {
      "version": "2.0.0",
      "resolved": "https://registry.npmjs.org/insert-css/-/insert-css-2.0.0.tgz",
      "integrity": "sha1-610Ql7dUL0x56jBg067gfQU4gPQ="
    },
    "is-function": {
      "version": "1.0.1",
      "resolved": "https://registry.npmjs.org/is-function/-/is-function-1.0.1.tgz",
      "integrity": "sha1-Es+5i2W1fdPRk6MSH19uL0N2ArU="
    },
    "is-plain-object": {
      "version": "2.0.4",
      "resolved": "https://registry.npmjs.org/is-plain-object/-/is-plain-object-2.0.4.tgz",
      "integrity": "sha512-h5PpgXkWitc38BBMYawTYMWJHFZJVnBquFE57xFpjB8pJFiF6gZ+bU+WyI/yqXiFR5mdLsgYNaPe8uao6Uv9Og==",
      "requires": {
        "isobject": "3.0.1"
      }
    },
    "is-stream": {
      "version": "1.1.0",
      "resolved": "https://registry.npmjs.org/is-stream/-/is-stream-1.1.0.tgz",
      "integrity": "sha1-EtSj3U5o4Lec6428hBc66A2RykQ="
    },
    "isobject": {
      "version": "3.0.1",
      "resolved": "https://registry.npmjs.org/isobject/-/isobject-3.0.1.tgz",
      "integrity": "sha1-TkMekrEalzFjaqH5yNHMvP2reN8="
    },
    "isomorphic-fetch": {
      "version": "2.2.1",
      "resolved": "https://registry.npmjs.org/isomorphic-fetch/-/isomorphic-fetch-2.2.1.tgz",
      "integrity": "sha1-YRrhrPFPXoH3KVB0coGf6XM1WKk=",
      "requires": {
        "node-fetch": "1.7.3",
        "whatwg-fetch": "2.0.4"
      }
    },
    "js-tokens": {
      "version": "3.0.2",
      "resolved": "https://registry.npmjs.org/js-tokens/-/js-tokens-3.0.2.tgz",
      "integrity": "sha1-mGbfOVECEw449/mWvOtlRDIJwls="
    },
    "lodash": {
      "version": "4.17.5",
      "resolved": "https://registry.npmjs.org/lodash/-/lodash-4.17.5.tgz",
      "integrity": "sha512-svL3uiZf1RwhH+cWrfZn3A4+U58wbP0tGVTLQPbjplZxZ8ROD9VLuNgsRniTlLe7OlSqR79RUehXgpBW/s0IQw=="
    },
    "lodash.debounce": {
      "version": "4.0.8",
      "resolved": "https://registry.npmjs.org/lodash.debounce/-/lodash.debounce-4.0.8.tgz",
      "integrity": "sha1-gteb/zCmfEAF/9XiUVMArZyk168="
    },
    "loose-envify": {
      "version": "1.3.1",
      "resolved": "https://registry.npmjs.org/loose-envify/-/loose-envify-1.3.1.tgz",
      "integrity": "sha1-0aitM/qc4OcT1l/dCsi3SNR4yEg=",
      "requires": {
        "js-tokens": "3.0.2"
      }
    },
    "material-colors": {
      "version": "1.2.5",
      "resolved": "https://registry.npmjs.org/material-colors/-/material-colors-1.2.5.tgz",
      "integrity": "sha1-UpJZPmdUyxvMK5gDDk4Najr8nqE="
    },
    "min-document": {
      "version": "2.19.0",
      "resolved": "https://registry.npmjs.org/min-document/-/min-document-2.19.0.tgz",
      "integrity": "sha1-e9KC4/WELtKVu3SM3Z8f+iyCRoU=",
      "requires": {
        "dom-walk": "0.1.1"
      }
    },
    "moment": {
      "version": "2.22.1",
      "resolved": "https://registry.npmjs.org/moment/-/moment-2.22.1.tgz",
      "integrity": "sha512-shJkRTSebXvsVqk56I+lkb2latjBs8I+pc2TzWc545y2iFnSjm7Wg0QMh+ZWcdSLQyGEau5jI8ocnmkyTgr9YQ=="
    },
    "node-fetch": {
      "version": "1.7.3",
      "resolved": "https://registry.npmjs.org/node-fetch/-/node-fetch-1.7.3.tgz",
      "integrity": "sha512-NhZ4CsKx7cYm2vSrBAr2PvFOe6sWDf0UYLRqA6svUYg7+/TSfVAu49jYC4BvQ4Sms9SZgdqGBgroqfDhJdTyKQ==",
      "requires": {
        "encoding": "0.1.12",
        "is-stream": "1.1.0"
      }
    },
    "object-assign": {
      "version": "4.1.1",
      "resolved": "https://registry.npmjs.org/object-assign/-/object-assign-4.1.1.tgz",
      "integrity": "sha1-IQmtx5ZYh8/AXLvUQsrIv7s2CGM="
    },
    "process": {
      "version": "0.5.2",
      "resolved": "https://registry.npmjs.org/process/-/process-0.5.2.tgz",
      "integrity": "sha1-FjjYqONML0QKkduVq5rrZ3/Bhc8="
    },
    "promise": {
      "version": "7.3.1",
      "resolved": "https://registry.npmjs.org/promise/-/promise-7.3.1.tgz",
      "integrity": "sha512-nolQXZ/4L+bP/UGlkfaIujX9BKxGwmQ9OT4mOt5yvy8iK1h3wqTEJCijzGANTCCl9nWjY41juyAn2K3Q1hLLTg==",
      "requires": {
        "asap": "2.0.6"
      }
    },
    "prop-types": {
      "version": "15.6.1",
      "resolved": "https://registry.npmjs.org/prop-types/-/prop-types-15.6.1.tgz",
      "integrity": "sha512-4ec7bY1Y66LymSUOH/zARVYObB23AT2h8cf6e/O6ZALB/N0sqZFEx7rq6EYPX2MkOdKORuooI/H5k9TlR4q7kQ==",
      "requires": {
        "fbjs": "0.8.16",
        "loose-envify": "1.3.1",
        "object-assign": "4.1.1"
      }
    },
    "react-color": {
      "version": "2.14.1",
      "resolved": "https://registry.npmjs.org/react-color/-/react-color-2.14.1.tgz",
      "integrity": "sha512-ssv2ArSZdhTbIs29hyfw8JW+s3G4BCx/ILkwCajWZzrcx/2ZQfRpsaLVt38LAPbxe50LLszlmGtRerA14JzzRw==",
      "requires": {
        "lodash": "4.17.5",
        "material-colors": "1.2.5",
        "prop-types": "15.6.1",
        "reactcss": "1.2.3",
        "tinycolor2": "1.4.1"
      }
    },
    "react-datetime": {
      "version": "2.14.0",
      "resolved": "https://registry.npmjs.org/react-datetime/-/react-datetime-2.14.0.tgz",
      "integrity": "sha512-BUWIzMLRGzWQSYyJf0mivLyDgw4KCTFYn8zW50UTl2qB3xd/BH/TgPzfgDvAScNbiXwWpXei/GCoc6nI2J3GgA==",
      "requires": {
        "create-react-class": "15.6.3",
        "object-assign": "3.0.0",
        "prop-types": "15.6.1",
        "react-onclickoutside": "6.7.1"
      },
      "dependencies": {
        "object-assign": {
          "version": "3.0.0",
          "resolved": "https://registry.npmjs.org/object-assign/-/object-assign-3.0.0.tgz",
          "integrity": "sha1-m+3VygiXlJvKR+f/QIBi1Un1h/I="
        }
      }
    },
    "react-html-attributes": {
      "version": "1.4.2",
      "resolved": "https://registry.npmjs.org/react-html-attributes/-/react-html-attributes-1.4.2.tgz",
      "integrity": "sha1-DSzPE0/Hmy01Q4N9wVkdMre5A/k=",
      "requires": {
        "html-element-attributes": "1.3.1"
      }
    },
    "react-onclickoutside": {
      "version": "6.7.1",
      "resolved": "https://registry.npmjs.org/react-onclickoutside/-/react-onclickoutside-6.7.1.tgz",
      "integrity": "sha512-p84kBqGaMoa7VYT0vZ/aOYRfJB+gw34yjpda1Z5KeLflg70HipZOT+MXQenEhdkPAABuE2Astq4zEPdMqUQxcg=="
    },
    "react-textarea-autosize": {
      "version": "5.2.1",
      "resolved": "https://registry.npmjs.org/react-textarea-autosize/-/react-textarea-autosize-5.2.1.tgz",
      "integrity": "sha512-bx6z2I35aapr71ggw2yZIA4qhmqeTa4ZVsSaTeFvtf9kfcZppDBh2PbMt8lvbdmzEk7qbSFhAxR9vxEVm6oiMg==",
      "requires": {
        "prop-types": "15.6.1"
      }
    },
    "reactcss": {
      "version": "1.2.3",
      "resolved": "https://registry.npmjs.org/reactcss/-/reactcss-1.2.3.tgz",
      "integrity": "sha512-KiwVUcFu1RErkI97ywr8nvx8dNOpT03rbnma0SSalTYjkrPYaEajR4a/MRt6DZ46K6arDRbWMNHF+xH7G7n/8A==",
      "requires": {
        "lodash": "4.17.5"
      }
    },
    "regenerator-runtime": {
      "version": "0.11.1",
      "resolved": "https://registry.npmjs.org/regenerator-runtime/-/regenerator-runtime-0.11.1.tgz",
      "integrity": "sha512-MguG95oij0fC3QV3URf4V2SDYGJhJnJGqvIIgdECeODCT98wSWDAJ94SSuVpYQUoTcGUIL6L4yNB7j1DFFHSBg=="
    },
    "safer-buffer": {
      "version": "2.1.2",
      "resolved": "https://registry.npmjs.org/safer-buffer/-/safer-buffer-2.1.2.tgz",
      "integrity": "sha512-YZo3K82SD7Riyi0E1EQPojLz7kpepnSQI9IyPbHHg1XXXevb5dJI7tpyN2ADxGcQbHG7vcyRHk0cbwqcQriUtg=="
    },
    "setimmediate": {
      "version": "1.0.5",
      "resolved": "https://registry.npmjs.org/setimmediate/-/setimmediate-1.0.5.tgz",
      "integrity": "sha1-KQy7Iy4waULX1+qbg3Mqt4VvgoU="
    },
    "svg-tag-names": {
      "version": "1.1.1",
      "resolved": "https://registry.npmjs.org/svg-tag-names/-/svg-tag-names-1.1.1.tgz",
      "integrity": "sha1-lkGynvcQJe4JTHBD983efZn71Qo="
    },
    "through": {
      "version": "2.3.8",
      "resolved": "https://registry.npmjs.org/through/-/through-2.3.8.tgz",
      "integrity": "sha1-DdTJ/6q8NXlgsbckEV1+Doai4fU="
    },
    "tinycolor2": {
      "version": "1.4.1",
      "resolved": "https://registry.npmjs.org/tinycolor2/-/tinycolor2-1.4.1.tgz",
      "integrity": "sha1-9PrTM0R7wLB9TcjpIJ2POaisd+g="
    },
    "ua-parser-js": {
      "version": "0.7.17",
      "resolved": "https://registry.npmjs.org/ua-parser-js/-/ua-parser-js-0.7.17.tgz",
      "integrity": "sha512-uRdSdu1oA1rncCQL7sCj8vSyZkgtL7faaw9Tc9rZ3mGgraQ7+Pdx7w5mnOSF3gw9ZNG6oc+KXfkon3bKuROm0g=="
    },
    "util-deprecate": {
      "version": "1.0.2",
      "resolved": "https://registry.npmjs.org/util-deprecate/-/util-deprecate-1.0.2.tgz",
      "integrity": "sha1-RQ1Nyfpw3nMnYvvS1KKJgUGaDM8="
    },
    "whatwg-fetch": {
      "version": "2.0.4",
      "resolved": "https://registry.npmjs.org/whatwg-fetch/-/whatwg-fetch-2.0.4.tgz",
      "integrity": "sha512-dcQ1GWpOD/eEQ97k66aiEVpNnapVj90/+R+SXTPYGHpYBBypfKJEQjLrvMZ7YXbKm21gXd4NcuxUTjiv1YtLng=="
    }
  }
}
