{
  "name": "@govuk-react/table",
  "version": "0.1.27",
  "lockfileVersion": 1,
  "requires": true,
  "dependencies": {
    "@govuk-react/constants": {
      "version": "0.1.26",
      "resolved": "https://registry.npmjs.org/@govuk-react/constants/-/constants-0.1.26.tgz",
      "integrity": "sha512-pq21rlKEHn3DAPTrItYFh9dzH9o/ABI7PcgY9515+zjMNull1bVWbWmfJiZELBOMc+J7tQKlCdnxqjn3SoRK2A==",
      "requires": {
        "govuk-colours": "1.0.3"
      },
      "dependencies": {
        "govuk-colours": {
          "version": "1.0.3",
          "resolved": "https://registry.npmjs.org/govuk-colours/-/govuk-colours-1.0.3.tgz",
          "integrity": "sha512-xdVD7YzHG+KEwCs8Rl+MgVfgEagjANVau4dJNTe30Xi6KySJ1LaI1vzBRRgThBjmJC8YFTwk4CshRtRfSbXKcA=="
        }
      }
    }
  }
}
