{
  "name": "@govuk-react/loading-box",
  "version": "0.1.24",
  "lockfileVersion": 1,
  "requires": true,
  "dependencies": {
    "@govuk-react/button": {
      "version": "0.1.24",
      "resolved": "https://registry.npmjs.org/@govuk-react/button/-/button-0.1.24.tgz",
      "integrity": "sha512-owFtOnvI0TQWBaqa/95GUu6hpvX8wz/P7Nz0lHOCOIk6zifz3pKdTmpMKlu8DsPt44IBdZMvgBDRL4bGZ9pTAw==",
      "dev": true,
      "requires": {
        "@govuk-react/constants": "0.1.21",
        "govuk-colours": "1.0.3"
      },
      "dependencies": {
        "govuk-colours": {
          "version": "1.0.3",
          "resolved": "https://registry.npmjs.org/govuk-colours/-/govuk-colours-1.0.3.tgz",
          "integrity": "sha512-xdVD7YzHG+KEwCs8Rl+MgVfgEagjANVau4dJNTe30Xi6KySJ1LaI1vzBRRgThBjmJC8YFTwk4CshRtRfSbXKcA==",
          "dev": true
        }
      }
    },
    "@govuk-react/constants": {
      "version": "0.1.21",
      "resolved": "https://registry.npmjs.org/@govuk-react/constants/-/constants-0.1.21.tgz",
      "integrity": "sha512-OWl+syEsNSiYyHjbm3S/JS4cqglACP94yzb9otLlbfiB7fBdCXts5q07HS+1t/VBznX+gh4OgXi681seoAsqsg==",
      "dev": true,
      "requires": {
        "govuk-colours": "1.0.3"
      },
      "dependencies": {
        "govuk-colours": {
          "version": "1.0.3",
          "resolved": "https://registry.npmjs.org/govuk-colours/-/govuk-colours-1.0.3.tgz",
          "integrity": "sha512-xdVD7YzHG+KEwCs8Rl+MgVfgEagjANVau4dJNTe30Xi6KySJ1LaI1vzBRRgThBjmJC8YFTwk4CshRtRfSbXKcA==",
          "dev": true
        }
      }
    },
    "@govuk-react/error-text": {
      "version": "0.1.24",
      "resolved": "https://registry.npmjs.org/@govuk-react/error-text/-/error-text-0.1.24.tgz",
      "integrity": "sha512-guJTKBp//g0fMoFnbRXS9hpCQprRbKmt4+KpvD0QZMRRYvn1LgS1ophi+geMS/jY75ZrB+hBXXyrS6gB9ClvXg==",
      "dev": true,
      "requires": {
        "@govuk-react/constants": "0.1.21",
        "govuk-colours": "1.0.3"
      },
      "dependencies": {
        "govuk-colours": {
          "version": "1.0.3",
          "resolved": "https://registry.npmjs.org/govuk-colours/-/govuk-colours-1.0.3.tgz",
          "integrity": "sha512-xdVD7YzHG+KEwCs8Rl+MgVfgEagjANVau4dJNTe30Xi6KySJ1LaI1vzBRRgThBjmJC8YFTwk4CshRtRfSbXKcA==",
          "dev": true
        }
      }
    },
    "@govuk-react/header": {
      "version": "0.1.24",
      "resolved": "https://registry.npmjs.org/@govuk-react/header/-/header-0.1.24.tgz",
      "integrity": "sha512-qPU56pA/MYyxzdnajjNB75jHbOUkdgVToj5JS9ParJ8jxgVSwk7PTmA5qAxA8x69fMnrtbxjyQNr0nWjSqi4Sw==",
      "dev": true,
      "requires": {
        "@govuk-react/constants": "0.1.21",
        "govuk-colours": "1.0.3"
      },
      "dependencies": {
        "govuk-colours": {
          "version": "1.0.3",
          "resolved": "https://registry.npmjs.org/govuk-colours/-/govuk-colours-1.0.3.tgz",
          "integrity": "sha512-xdVD7YzHG+KEwCs8Rl+MgVfgEagjANVau4dJNTe30Xi6KySJ1LaI1vzBRRgThBjmJC8YFTwk4CshRtRfSbXKcA==",
          "dev": true
        }
      }
    },
    "@govuk-react/hint-text": {
      "version": "0.1.24",
      "resolved": "https://registry.npmjs.org/@govuk-react/hint-text/-/hint-text-0.1.24.tgz",
      "integrity": "sha512-6DmfQPJ9j9Hg7wnw1cAkO2xOd/wlhWUiNC3cjthUTfOmy268qYzOtWTYSg/0UmMtPbKMnQs3FpXOwxDb709e3w==",
      "dev": true,
      "requires": {
        "@govuk-react/constants": "0.1.21",
        "govuk-colours": "1.0.3"
      },
      "dependencies": {
        "govuk-colours": {
          "version": "1.0.3",
          "resolved": "https://registry.npmjs.org/govuk-colours/-/govuk-colours-1.0.3.tgz",
          "integrity": "sha512-xdVD7YzHG+KEwCs8Rl+MgVfgEagjANVau4dJNTe30Xi6KySJ1LaI1vzBRRgThBjmJC8YFTwk4CshRtRfSbXKcA==",
          "dev": true
        }
      }
    },
    "@govuk-react/hoc": {
      "version": "0.1.24",
      "resolved": "https://registry.npmjs.org/@govuk-react/hoc/-/hoc-0.1.24.tgz",
      "integrity": "sha512-CSw+47YqaZXwHj2EnrmUdDv6rW4A7OcwuG+tZB3w3ph5IC83+W3Ic0nYGFjqA3bdPfd8wGa+cQDtcA4QSFQcqA==",
      "dev": true,
      "requires": {
        "@govuk-react/constants": "0.1.21",
        "@govuk-react/icons": "0.1.24",
        "govuk-colours": "1.0.3"
      },
      "dependencies": {
        "@govuk-react/icons": {
          "version": "0.1.24",
          "resolved": "https://registry.npmjs.org/@govuk-react/icons/-/icons-0.1.24.tgz",
          "integrity": "sha512-6BJMtVSIOlhtPrvRYTtEAoKB4joWxUXd9hDzXRlwWIOhV+5mOAbAJMpbVqz3EFoTh0IpncWINHqk5u2ve4E8PQ==",
          "dev": true,
          "requires": {
            "@govuk-react/constants": "0.1.21",
            "glamor": "2.20.40",
            "govuk-colours": "1.0.3"
          }
        },
        "govuk-colours": {
          "version": "1.0.3",
          "resolved": "https://registry.npmjs.org/govuk-colours/-/govuk-colours-1.0.3.tgz",
          "integrity": "sha512-xdVD7YzHG+KEwCs8Rl+MgVfgEagjANVau4dJNTe30Xi6KySJ1LaI1vzBRRgThBjmJC8YFTwk4CshRtRfSbXKcA==",
          "dev": true
        }
      }
    },
    "@govuk-react/input": {
      "version": "0.1.24",
      "resolved": "https://registry.npmjs.org/@govuk-react/input/-/input-0.1.24.tgz",
      "integrity": "sha512-RMJIZJIh1a9EYBxwfpcgcfxoQo1YvA5tYhSbZbzxalU75cJNQgXrNzV7OKWFRLasB2yotZVcjLiTsXGZDsgwQQ==",
      "dev": true,
      "requires": {
        "@govuk-react/constants": "0.1.21",
        "govuk-colours": "1.0.3"
      },
      "dependencies": {
        "govuk-colours": {
          "version": "1.0.3",
          "resolved": "https://registry.npmjs.org/govuk-colours/-/govuk-colours-1.0.3.tgz",
          "integrity": "sha512-xdVD7YzHG+KEwCs8Rl+MgVfgEagjANVau4dJNTe30Xi6KySJ1LaI1vzBRRgThBjmJC8YFTwk4CshRtRfSbXKcA==",
          "dev": true
        }
      }
    },
    "@govuk-react/input-field": {
      "version": "0.1.24",
      "resolved": "https://registry.npmjs.org/@govuk-react/input-field/-/input-field-0.1.24.tgz",
      "integrity": "sha512-C9KIMYWRdUDredm5nVcaeTS7QJuHHlB9QKOuSI4326FytfydGWKQagXuH32H0dEjq0ggPa+uz2c14qj5xMIfvA==",
      "dev": true,
      "requires": {
        "@govuk-react/constants": "0.1.21",
        "@govuk-react/error-text": "0.1.24",
        "@govuk-react/hint-text": "0.1.24",
        "@govuk-react/input": "0.1.24",
        "@govuk-react/label": "0.1.24",
        "@govuk-react/label-text": "0.1.24",
        "govuk-colours": "1.0.3"
      },
      "dependencies": {
        "govuk-colours": {
          "version": "1.0.3",
          "resolved": "https://registry.npmjs.org/govuk-colours/-/govuk-colours-1.0.3.tgz",
          "integrity": "sha512-xdVD7YzHG+KEwCs8Rl+MgVfgEagjANVau4dJNTe30Xi6KySJ1LaI1vzBRRgThBjmJC8YFTwk4CshRtRfSbXKcA==",
          "dev": true
        }
      }
    },
    "@govuk-react/label": {
      "version": "0.1.24",
      "resolved": "https://registry.npmjs.org/@govuk-react/label/-/label-0.1.24.tgz",
      "integrity": "sha512-bDPoUp5nKz3DzkNWGFYxllPMd5duDq78Ab9PA+4LUiBEBmTDVdeX5FWXzL1j+Zpr5tjHKBdOk9/hH//f2YwktQ==",
      "dev": true,
      "requires": {
        "@govuk-react/constants": "0.1.21",
        "govuk-colours": "1.0.3"
      },
      "dependencies": {
        "govuk-colours": {
          "version": "1.0.3",
          "resolved": "https://registry.npmjs.org/govuk-colours/-/govuk-colours-1.0.3.tgz",
          "integrity": "sha512-xdVD7YzHG+KEwCs8Rl+MgVfgEagjANVau4dJNTe30Xi6KySJ1LaI1vzBRRgThBjmJC8YFTwk4CshRtRfSbXKcA==",
          "dev": true
        }
      }
    },
    "@govuk-react/label-text": {
      "version": "0.1.24",
      "resolved": "https://registry.npmjs.org/@govuk-react/label-text/-/label-text-0.1.24.tgz",
      "integrity": "sha512-HA5snFIBNC8saVnO12aFX8Ny3pK+XoKMJmL2n4fL5FW0Cf6+aOkQ5aLhEMA2PdfMmNw7P71ScIHbG0blf16A+Q==",
      "dev": true,
      "requires": {
        "@govuk-react/constants": "0.1.21",
        "govuk-colours": "1.0.3"
      },
      "dependencies": {
        "govuk-colours": {
          "version": "1.0.3",
          "resolved": "https://registry.npmjs.org/govuk-colours/-/govuk-colours-1.0.3.tgz",
          "integrity": "sha512-xdVD7YzHG+KEwCs8Rl+MgVfgEagjANVau4dJNTe30Xi6KySJ1LaI1vzBRRgThBjmJC8YFTwk4CshRtRfSbXKcA==",
          "dev": true
        }
      }
    },
    "@govuk-react/phase-badge": {
      "version": "0.1.24",
      "resolved": "https://registry.npmjs.org/@govuk-react/phase-badge/-/phase-badge-0.1.24.tgz",
      "integrity": "sha512-Y2s5j4bUjh0jRPD/OHIwnBw7AGf7oNKGs5SQ4uPNvlsTKzDiVA1/n6cNibU0ypGAX/dWTU3VTcoroV5e/zjn4w==",
      "dev": true,
      "requires": {
        "@govuk-react/constants": "0.1.21",
        "govuk-colours": "1.0.3"
      },
      "dependencies": {
        "govuk-colours": {
          "version": "1.0.3",
          "resolved": "https://registry.npmjs.org/govuk-colours/-/govuk-colours-1.0.3.tgz",
          "integrity": "sha512-xdVD7YzHG+KEwCs8Rl+MgVfgEagjANVau4dJNTe30Xi6KySJ1LaI1vzBRRgThBjmJC8YFTwk4CshRtRfSbXKcA==",
          "dev": true
        }
      }
    },
    "@govuk-react/phase-banner": {
      "version": "0.1.24",
      "resolved": "https://registry.npmjs.org/@govuk-react/phase-banner/-/phase-banner-0.1.24.tgz",
      "integrity": "sha512-PaEKqI8yCxRyZMVfZI31vFxcOGErsleLOuzCTovelL6ZKG/RPClNf2pyH4Dt7A9PH0a6L9kI4tnjAnxdy2vBPQ==",
      "dev": true,
      "requires": {
        "@govuk-react/constants": "0.1.21",
        "@govuk-react/phase-badge": "0.1.24",
        "govuk-colours": "1.0.3"
      },
      "dependencies": {
        "govuk-colours": {
          "version": "1.0.3",
          "resolved": "https://registry.npmjs.org/govuk-colours/-/govuk-colours-1.0.3.tgz",
          "integrity": "sha512-xdVD7YzHG+KEwCs8Rl+MgVfgEagjANVau4dJNTe30Xi6KySJ1LaI1vzBRRgThBjmJC8YFTwk4CshRtRfSbXKcA==",
          "dev": true
        }
      }
    },
    "@govuk-react/radio": {
      "version": "0.1.24",
      "resolved": "https://registry.npmjs.org/@govuk-react/radio/-/radio-0.1.24.tgz",
      "integrity": "sha512-3CbhHU+iAbt8+zf59uooHGBKtR+TrKtsgbBd14cv/tJCCjPhF9d4+UV8lKpWoDFVFi3q0UMRwivY3j39JIEXSg==",
      "dev": true,
      "requires": {
        "@govuk-react/constants": "0.1.21",
        "govuk-colours": "1.0.3"
      },
      "dependencies": {
        "govuk-colours": {
          "version": "1.0.3",
          "resolved": "https://registry.npmjs.org/govuk-colours/-/govuk-colours-1.0.3.tgz",
          "integrity": "sha512-xdVD7YzHG+KEwCs8Rl+MgVfgEagjANVau4dJNTe30Xi6KySJ1LaI1vzBRRgThBjmJC8YFTwk4CshRtRfSbXKcA==",
          "dev": true
        }
      }
    },
    "@storybook/addon-knobs": {
      "version": "3.3.15",
      "resolved": "https://registry.npmjs.org/@storybook/addon-knobs/-/addon-knobs-3.3.15.tgz",
      "integrity": "sha512-Y+5YkFEVigHBe/wjLcqPJn743/c8WpTHdWLxKhJ0rZOFQ0RRzPVIzk7/HRiuV60zSr9j7VRbtx7x95E/Or/XIw==",
      "dev": true,
      "requires": {
        "babel-runtime": "6.26.0",
        "deep-equal": "1.0.1",
        "global": "4.3.2",
        "insert-css": "2.0.0",
        "lodash.debounce": "4.0.8",
        "moment": "2.21.0",
        "prop-types": "15.6.1",
        "react-color": "2.14.0",
        "react-datetime": "2.14.0",
        "react-textarea-autosize": "5.2.1",
        "util-deprecate": "1.0.2"
      }
    },
    "asap": {
      "version": "2.0.6",
      "resolved": "https://registry.npmjs.org/asap/-/asap-2.0.6.tgz",
      "integrity": "sha1-5QNHYR1+aQlDIIu9r+vLwvuGbUY=",
      "dev": true
    },
    "babel-runtime": {
      "version": "6.26.0",
      "resolved": "https://registry.npmjs.org/babel-runtime/-/babel-runtime-6.26.0.tgz",
      "integrity": "sha1-llxwWGaOgrVde/4E/yM3vItWR/4=",
      "dev": true,
      "requires": {
        "core-js": "2.5.4",
        "regenerator-runtime": "0.11.1"
      },
      "dependencies": {
        "core-js": {
          "version": "2.5.4",
          "resolved": "https://registry.npmjs.org/core-js/-/core-js-2.5.4.tgz",
          "integrity": "sha1-8si/GB8qgLkvNgEhQpzmOi8K6uA=",
          "dev": true
        }
      }
    },
    "bowser": {
      "version": "1.9.3",
      "resolved": "https://registry.npmjs.org/bowser/-/bowser-1.9.3.tgz",
      "integrity": "sha512-/gp96UlcFw5DbV2KQPCqTqi0Mb9gZRyDAHiDsGEH+4B/KOQjeoE5lM1PxlVX8DQDvfEfitmC1rW2Oy8fk/XBDg==",
      "dev": true
    },
    "core-js": {
      "version": "1.2.7",
      "resolved": "https://registry.npmjs.org/core-js/-/core-js-1.2.7.tgz",
      "integrity": "sha1-ZSKUwUZR2yj6k70tX/KYOk8IxjY=",
      "dev": true
    },
    "create-react-class": {
      "version": "15.6.3",
      "resolved": "https://registry.npmjs.org/create-react-class/-/create-react-class-15.6.3.tgz",
      "integrity": "sha512-M+/3Q6E6DLO6Yx3OwrWjwHBnvfXXYA7W+dFjt/ZDBemHO1DDZhsalX/NUtnTYclN6GfnBDRh4qRHjcDHmlJBJg==",
      "dev": true,
      "requires": {
        "fbjs": "0.8.16",
        "loose-envify": "1.3.1",
        "object-assign": "4.1.1"
      }
    },
    "css-in-js-utils": {
      "version": "2.0.0",
      "resolved": "https://registry.npmjs.org/css-in-js-utils/-/css-in-js-utils-2.0.0.tgz",
      "integrity": "sha512-yuWmPMD9FLi50Xf3k8W8oO3WM1eVnxEGCldCLyfusQ+CgivFk0s23yst4ooW6tfxMuSa03S6uUEga9UhX6GRrA==",
      "dev": true,
      "requires": {
        "hyphenate-style-name": "1.0.2"
      }
    },
    "deep-equal": {
      "version": "1.0.1",
      "resolved": "https://registry.npmjs.org/deep-equal/-/deep-equal-1.0.1.tgz",
      "integrity": "sha1-9dJgKStmDghO/0zbyfCK0yR0SLU=",
      "dev": true
    },
    "dom-walk": {
      "version": "0.1.1",
      "resolved": "https://registry.npmjs.org/dom-walk/-/dom-walk-0.1.1.tgz",
      "integrity": "sha1-ZyIm3HTI95mtNTB9+TaroRrNYBg=",
      "dev": true
    },
    "encoding": {
      "version": "0.1.12",
      "resolved": "https://registry.npmjs.org/encoding/-/encoding-0.1.12.tgz",
      "integrity": "sha1-U4tm8+5izRq1HsMjgp0flIDHS+s=",
      "dev": true,
      "requires": {
        "iconv-lite": "0.4.19"
      }
    },
    "fbjs": {
      "version": "0.8.16",
      "resolved": "https://registry.npmjs.org/fbjs/-/fbjs-0.8.16.tgz",
      "integrity": "sha1-XmdDL1UNxBtXK/VYR7ispk5TN9s=",
      "dev": true,
      "requires": {
        "core-js": "1.2.7",
        "isomorphic-fetch": "2.2.1",
        "loose-envify": "1.3.1",
        "object-assign": "4.1.1",
        "promise": "7.3.1",
        "setimmediate": "1.0.5",
        "ua-parser-js": "0.7.17"
      }
    },
    "glamor": {
      "version": "2.20.40",
      "resolved": "https://registry.npmjs.org/glamor/-/glamor-2.20.40.tgz",
      "integrity": "sha512-DNXCd+c14N9QF8aAKrfl4xakPk5FdcFwmH7sD0qnC0Pr7xoZ5W9yovhUrY/dJc3psfGGXC58vqQyRtuskyUJxA==",
      "dev": true,
      "requires": {
        "fbjs": "0.8.16",
        "inline-style-prefixer": "3.0.8",
        "object-assign": "4.1.1",
        "prop-types": "15.6.1",
        "through": "2.3.8"
      }
    },
    "global": {
      "version": "4.3.2",
      "resolved": "https://registry.npmjs.org/global/-/global-4.3.2.tgz",
      "integrity": "sha1-52mJJopsdMOJCLEwWxD8DjlOnQ8=",
      "dev": true,
      "requires": {
        "min-document": "2.19.0",
        "process": "0.5.2"
      }
    },
    "hyphenate-style-name": {
      "version": "1.0.2",
      "resolved": "https://registry.npmjs.org/hyphenate-style-name/-/hyphenate-style-name-1.0.2.tgz",
      "integrity": "sha1-MRYKNpMK2vH8BMYHT360FGXU7Es=",
      "dev": true
    },
    "iconv-lite": {
      "version": "0.4.19",
      "resolved": "https://registry.npmjs.org/iconv-lite/-/iconv-lite-0.4.19.tgz",
      "integrity": "sha512-oTZqweIP51xaGPI4uPa56/Pri/480R+mo7SeU+YETByQNhDG55ycFyNLIgta9vXhILrxXDmF7ZGhqZIcuN0gJQ==",
      "dev": true
    },
    "inline-style-prefixer": {
      "version": "3.0.8",
      "resolved": "https://registry.npmjs.org/inline-style-prefixer/-/inline-style-prefixer-3.0.8.tgz",
      "integrity": "sha1-hVG45bTVcyROZqNLBPfTIHaitTQ=",
      "dev": true,
      "requires": {
        "bowser": "1.9.3",
        "css-in-js-utils": "2.0.0"
      }
    },
    "insert-css": {
      "version": "2.0.0",
      "resolved": "https://registry.npmjs.org/insert-css/-/insert-css-2.0.0.tgz",
      "integrity": "sha1-610Ql7dUL0x56jBg067gfQU4gPQ=",
      "dev": true
    },
    "is-stream": {
      "version": "1.1.0",
      "resolved": "https://registry.npmjs.org/is-stream/-/is-stream-1.1.0.tgz",
      "integrity": "sha1-EtSj3U5o4Lec6428hBc66A2RykQ=",
      "dev": true
    },
    "isomorphic-fetch": {
      "version": "2.2.1",
      "resolved": "https://registry.npmjs.org/isomorphic-fetch/-/isomorphic-fetch-2.2.1.tgz",
      "integrity": "sha1-YRrhrPFPXoH3KVB0coGf6XM1WKk=",
      "dev": true,
      "requires": {
        "node-fetch": "1.7.3",
        "whatwg-fetch": "2.0.3"
      }
    },
    "js-tokens": {
      "version": "3.0.2",
      "resolved": "https://registry.npmjs.org/js-tokens/-/js-tokens-3.0.2.tgz",
      "integrity": "sha1-mGbfOVECEw449/mWvOtlRDIJwls=",
      "dev": true
    },
    "lodash": {
      "version": "4.17.5",
      "resolved": "https://registry.npmjs.org/lodash/-/lodash-4.17.5.tgz",
      "integrity": "sha512-svL3uiZf1RwhH+cWrfZn3A4+U58wbP0tGVTLQPbjplZxZ8ROD9VLuNgsRniTlLe7OlSqR79RUehXgpBW/s0IQw==",
      "dev": true
    },
    "lodash.debounce": {
      "version": "4.0.8",
      "resolved": "https://registry.npmjs.org/lodash.debounce/-/lodash.debounce-4.0.8.tgz",
      "integrity": "sha1-gteb/zCmfEAF/9XiUVMArZyk168=",
      "dev": true
    },
    "loose-envify": {
      "version": "1.3.1",
      "resolved": "https://registry.npmjs.org/loose-envify/-/loose-envify-1.3.1.tgz",
      "integrity": "sha1-0aitM/qc4OcT1l/dCsi3SNR4yEg=",
      "dev": true,
      "requires": {
        "js-tokens": "3.0.2"
      }
    },
    "material-colors": {
      "version": "1.2.5",
      "resolved": "https://registry.npmjs.org/material-colors/-/material-colors-1.2.5.tgz",
      "integrity": "sha1-UpJZPmdUyxvMK5gDDk4Najr8nqE=",
      "dev": true
    },
    "min-document": {
      "version": "2.19.0",
      "resolved": "https://registry.npmjs.org/min-document/-/min-document-2.19.0.tgz",
      "integrity": "sha1-e9KC4/WELtKVu3SM3Z8f+iyCRoU=",
      "dev": true,
      "requires": {
        "dom-walk": "0.1.1"
      }
    },
    "moment": {
      "version": "2.21.0",
      "resolved": "https://registry.npmjs.org/moment/-/moment-2.21.0.tgz",
      "integrity": "sha512-TCZ36BjURTeFTM/CwRcViQlfkMvL1/vFISuNLO5GkcVm1+QHfbSiNqZuWeMFjj1/3+uAjXswgRk30j1kkLYJBQ==",
      "dev": true
    },
    "node-fetch": {
      "version": "1.7.3",
      "resolved": "https://registry.npmjs.org/node-fetch/-/node-fetch-1.7.3.tgz",
      "integrity": "sha512-NhZ4CsKx7cYm2vSrBAr2PvFOe6sWDf0UYLRqA6svUYg7+/TSfVAu49jYC4BvQ4Sms9SZgdqGBgroqfDhJdTyKQ==",
      "dev": true,
      "requires": {
        "encoding": "0.1.12",
        "is-stream": "1.1.0"
      }
    },
    "object-assign": {
      "version": "4.1.1",
      "resolved": "https://registry.npmjs.org/object-assign/-/object-assign-4.1.1.tgz",
      "integrity": "sha1-IQmtx5ZYh8/AXLvUQsrIv7s2CGM=",
      "dev": true
    },
    "process": {
      "version": "0.5.2",
      "resolved": "https://registry.npmjs.org/process/-/process-0.5.2.tgz",
      "integrity": "sha1-FjjYqONML0QKkduVq5rrZ3/Bhc8=",
      "dev": true
    },
    "promise": {
      "version": "7.3.1",
      "resolved": "https://registry.npmjs.org/promise/-/promise-7.3.1.tgz",
      "integrity": "sha512-nolQXZ/4L+bP/UGlkfaIujX9BKxGwmQ9OT4mOt5yvy8iK1h3wqTEJCijzGANTCCl9nWjY41juyAn2K3Q1hLLTg==",
      "dev": true,
      "requires": {
        "asap": "2.0.6"
      }
    },
    "prop-types": {
      "version": "15.6.1",
      "resolved": "https://registry.npmjs.org/prop-types/-/prop-types-15.6.1.tgz",
      "integrity": "sha512-4ec7bY1Y66LymSUOH/zARVYObB23AT2h8cf6e/O6ZALB/N0sqZFEx7rq6EYPX2MkOdKORuooI/H5k9TlR4q7kQ==",
      "dev": true,
      "requires": {
        "fbjs": "0.8.16",
        "loose-envify": "1.3.1",
        "object-assign": "4.1.1"
      }
    },
    "react-color": {
      "version": "2.14.0",
      "resolved": "https://registry.npmjs.org/react-color/-/react-color-2.14.0.tgz",
      "integrity": "sha512-5D/2rRGuqTA9fgKLXdHDyCuQJrjgu257B4+ORsoJ1mOPCw7dvPdCJdC5q+/QO6QGQAPe0TSPHGObBPIkMUNhQg==",
      "dev": true,
      "requires": {
        "lodash": "4.17.5",
        "material-colors": "1.2.5",
        "prop-types": "15.6.1",
        "reactcss": "1.2.3",
        "tinycolor2": "1.4.1"
      }
    },
    "react-datetime": {
      "version": "2.14.0",
      "resolved": "https://registry.npmjs.org/react-datetime/-/react-datetime-2.14.0.tgz",
      "integrity": "sha512-BUWIzMLRGzWQSYyJf0mivLyDgw4KCTFYn8zW50UTl2qB3xd/BH/TgPzfgDvAScNbiXwWpXei/GCoc6nI2J3GgA==",
      "dev": true,
      "requires": {
        "create-react-class": "15.6.3",
        "object-assign": "3.0.0",
        "prop-types": "15.6.1",
        "react-onclickoutside": "6.7.1"
      },
      "dependencies": {
        "object-assign": {
          "version": "3.0.0",
          "resolved": "https://registry.npmjs.org/object-assign/-/object-assign-3.0.0.tgz",
          "integrity": "sha1-m+3VygiXlJvKR+f/QIBi1Un1h/I=",
          "dev": true
        }
      }
    },
    "react-onclickoutside": {
      "version": "6.7.1",
      "resolved": "https://registry.npmjs.org/react-onclickoutside/-/react-onclickoutside-6.7.1.tgz",
      "integrity": "sha512-p84kBqGaMoa7VYT0vZ/aOYRfJB+gw34yjpda1Z5KeLflg70HipZOT+MXQenEhdkPAABuE2Astq4zEPdMqUQxcg==",
      "dev": true
    },
    "react-textarea-autosize": {
      "version": "5.2.1",
      "resolved": "https://registry.npmjs.org/react-textarea-autosize/-/react-textarea-autosize-5.2.1.tgz",
      "integrity": "sha512-bx6z2I35aapr71ggw2yZIA4qhmqeTa4ZVsSaTeFvtf9kfcZppDBh2PbMt8lvbdmzEk7qbSFhAxR9vxEVm6oiMg==",
      "dev": true,
      "requires": {
        "prop-types": "15.6.1"
      }
    },
    "reactcss": {
      "version": "1.2.3",
      "resolved": "https://registry.npmjs.org/reactcss/-/reactcss-1.2.3.tgz",
      "integrity": "sha512-KiwVUcFu1RErkI97ywr8nvx8dNOpT03rbnma0SSalTYjkrPYaEajR4a/MRt6DZ46K6arDRbWMNHF+xH7G7n/8A==",
      "dev": true,
      "requires": {
        "lodash": "4.17.5"
      }
    },
    "regenerator-runtime": {
      "version": "0.11.1",
      "resolved": "https://registry.npmjs.org/regenerator-runtime/-/regenerator-runtime-0.11.1.tgz",
      "integrity": "sha512-MguG95oij0fC3QV3URf4V2SDYGJhJnJGqvIIgdECeODCT98wSWDAJ94SSuVpYQUoTcGUIL6L4yNB7j1DFFHSBg==",
      "dev": true
    },
    "setimmediate": {
      "version": "1.0.5",
      "resolved": "https://registry.npmjs.org/setimmediate/-/setimmediate-1.0.5.tgz",
      "integrity": "sha1-KQy7Iy4waULX1+qbg3Mqt4VvgoU=",
      "dev": true
    },
    "through": {
      "version": "2.3.8",
      "resolved": "https://registry.npmjs.org/through/-/through-2.3.8.tgz",
      "integrity": "sha1-DdTJ/6q8NXlgsbckEV1+Doai4fU=",
      "dev": true
    },
    "tinycolor2": {
      "version": "1.4.1",
      "resolved": "https://registry.npmjs.org/tinycolor2/-/tinycolor2-1.4.1.tgz",
      "integrity": "sha1-9PrTM0R7wLB9TcjpIJ2POaisd+g=",
      "dev": true
    },
    "ua-parser-js": {
      "version": "0.7.17",
      "resolved": "https://registry.npmjs.org/ua-parser-js/-/ua-parser-js-0.7.17.tgz",
      "integrity": "sha512-uRdSdu1oA1rncCQL7sCj8vSyZkgtL7faaw9Tc9rZ3mGgraQ7+Pdx7w5mnOSF3gw9ZNG6oc+KXfkon3bKuROm0g==",
      "dev": true
    },
    "util-deprecate": {
      "version": "1.0.2",
      "resolved": "https://registry.npmjs.org/util-deprecate/-/util-deprecate-1.0.2.tgz",
      "integrity": "sha1-RQ1Nyfpw3nMnYvvS1KKJgUGaDM8=",
      "dev": true
    },
    "whatwg-fetch": {
      "version": "2.0.3",
      "resolved": "https://registry.npmjs.org/whatwg-fetch/-/whatwg-fetch-2.0.3.tgz",
      "integrity": "sha1-nITsLc9oGH/wC8ZOEnS0QhduHIQ=",
      "dev": true
    }
  }
}
